// !$*UTF8*$!
{
	archiveVersion = 1;
	classes = {
	};
	objectVersion = 77;
	objects = {

/* Begin PBXContainerItemProxy section */
		3845BABF2CA49CE500DCFED5 /* PBXContainerItemProxy */ = {
			isa = PBXContainerItemProxy;
			containerPortal = 3845BAA62CA49CE500DCFED5 /* Project object */;
			proxyType = 1;
			remoteGlobalIDString = 3845BAAD2CA49CE500DCFED5;
			remoteInfo = "Water tracker App";
		};
		3845BAC92CA49CE500DCFED5 /* PBXContainerItemProxy */ = {
			isa = PBXContainerItemProxy;
			containerPortal = 3845BAA62CA49CE500DCFED5 /* Project object */;
			proxyType = 1;
			remoteGlobalIDString = 3845BAAD2CA49CE500DCFED5;
			remoteInfo = "Water tracker App";
		};
/* End PBXContainerItemProxy section */

/* Begin PBXFileReference section */
		3845BAAE2CA49CE500DCFED5 /* Water tracker App.app */ = {isa = PBXFileReference; explicitFileType = wrapper.application; includeInIndex = 0; path = "Water tracker App.app"; sourceTree = BUILT_PRODUCTS_DIR; };
		3845BABE2CA49CE500DCFED5 /* Water tracker AppTests.xctest */ = {isa = PBXFileReference; explicitFileType = wrapper.cfbundle; includeInIndex = 0; path = "Water tracker AppTests.xctest"; sourceTree = BUILT_PRODUCTS_DIR; };
		3845BAC82CA49CE500DCFED5 /* Water tracker AppUITests.xctest */ = {isa = PBXFileReference; explicitFileType = wrapper.cfbundle; includeInIndex = 0; path = "Water tracker AppUITests.xctest"; sourceTree = BUILT_PRODUCTS_DIR; };
/* End PBXFileReference section */

/* Begin PBXFileSystemSynchronizedRootGroup section */
		3845BAB02CA49CE500DCFED5 /* Water tracker App */ = {
			isa = PBXFileSystemSynchronizedRootGroup;
			path = "Water tracker App";
			sourceTree = "<group>";
		};
		3845BAC12CA49CE500DCFED5 /* Water tracker AppTests */ = {
			isa = PBXFileSystemSynchronizedRootGroup;
			path = "Water tracker AppTests";
			sourceTree = "<group>";
		};
		3845BACB2CA49CE500DCFED5 /* Water tracker AppUITests */ = {
			isa = PBXFileSystemSynchronizedRootGroup;
			path = "Water tracker AppUITests";
			sourceTree = "<group>";
		};
/* End PBXFileSystemSynchronizedRootGroup section */

/* Begin PBXFrameworksBuildPhase section */
		3845BAAB2CA49CE500DCFED5 /* Frameworks */ = {
			isa = PBXFrameworksBuildPhase;
			buildActionMask = 2147483647;
			files = (
			);
			runOnlyForDeploymentPostprocessing = 0;
		};
		3845BABB2CA49CE500DCFED5 /* Frameworks */ = {
			isa = PBXFrameworksBuildPhase;
			buildActionMask = 2147483647;
			files = (
			);
			runOnlyForDeploymentPostprocessing = 0;
		};
		3845BAC52CA49CE500DCFED5 /* Frameworks */ = {
			isa = PBXFrameworksBuildPhase;
			buildActionMask = 2147483647;
			files = (
			);
			runOnlyForDeploymentPostprocessing = 0;
		};
/* End PBXFrameworksBuildPhase section */

/* Begin PBXGroup section */
		3845BAA52CA49CE500DCFED5 = {
			isa = PBXGroup;
			children = (
				3845BAB02CA49CE500DCFED5 /* Water tracker App */,
				3845BAC12CA49CE500DCFED5 /* Water tracker AppTests */,
				3845BACB2CA49CE500DCFED5 /* Water tracker AppUITests */,
				3845BAAF2CA49CE500DCFED5 /* Products */,
			);
			sourceTree = "<group>";
		};
		3845BAAF2CA49CE500DCFED5 /* Products */ = {
			isa = PBXGroup;
			children = (
				3845BAAE2CA49CE500DCFED5 /* Water tracker App.app */,
				3845BABE2CA49CE500DCFED5 /* Water tracker AppTests.xctest */,
				3845BAC82CA49CE500DCFED5 /* Water tracker AppUITests.xctest */,
			);
			name = Products;
			sourceTree = "<group>";
		};
/* End PBXGroup section */

/* Begin PBXNativeTarget section */
		3845BAAD2CA49CE500DCFED5 /* Water tracker App */ = {
			isa = PBXNativeTarget;
			buildConfigurationList = 3845BAD22CA49CE500DCFED5 /* Build configuration list for PBXNativeTarget "Water tracker App" */;
			buildPhases = (
				3845BAAA2CA49CE500DCFED5 /* Sources */,
				3845BAAB2CA49CE500DCFED5 /* Frameworks */,
				3845BAAC2CA49CE500DCFED5 /* Resources */,
			);
			buildRules = (
			);
			dependencies = (
			);
			fileSystemSynchronizedGroups = (
				3845BAB02CA49CE500DCFED5 /* Water tracker App */,
			);
			name = "Water tracker App";
			packageProductDependencies = (
			);
			productName = "Water tracker App";
			productReference = 3845BAAE2CA49CE500DCFED5 /* Water tracker App.app */;
			productType = "com.apple.product-type.application";
		};
		3845BABD2CA49CE500DCFED5 /* Water tracker AppTests */ = {
			isa = PBXNativeTarget;
			buildConfigurationList = 3845BAD52CA49CE500DCFED5 /* Build configuration list for PBXNativeTarget "Water tracker AppTests" */;
			buildPhases = (
				3845BABA2CA49CE500DCFED5 /* Sources */,
				3845BABB2CA49CE500DCFED5 /* Frameworks */,
				3845BABC2CA49CE500DCFED5 /* Resources */,
			);
			buildRules = (
			);
			dependencies = (
				3845BAC02CA49CE500DCFED5 /* PBXTargetDependency */,
			);
			fileSystemSynchronizedGroups = (
				3845BAC12CA49CE500DCFED5 /* Water tracker AppTests */,
			);
			name = "Water tracker AppTests";
			packageProductDependencies = (
			);
			productName = "Water tracker AppTests";
			productReference = 3845BABE2CA49CE500DCFED5 /* Water tracker AppTests.xctest */;
			productType = "com.apple.product-type.bundle.unit-test";
		};
		3845BAC72CA49CE500DCFED5 /* Water tracker AppUITests */ = {
			isa = PBXNativeTarget;
			buildConfigurationList = 3845BAD82CA49CE500DCFED5 /* Build configuration list for PBXNativeTarget "Water tracker AppUITests" */;
			buildPhases = (
				3845BAC42CA49CE500DCFED5 /* Sources */,
				3845BAC52CA49CE500DCFED5 /* Frameworks */,
				3845BAC62CA49CE500DCFED5 /* Resources */,
			);
			buildRules = (
			);
			dependencies = (
				3845BACA2CA49CE500DCFED5 /* PBXTargetDependency */,
			);
			fileSystemSynchronizedGroups = (
				3845BACB2CA49CE500DCFED5 /* Water tracker AppUITests */,
			);
			name = "Water tracker AppUITests";
			packageProductDependencies = (
			);
			productName = "Water tracker AppUITests";
			productReference = 3845BAC82CA49CE500DCFED5 /* Water tracker AppUITests.xctest */;
			productType = "com.apple.product-type.bundle.ui-testing";
		};
/* End PBXNativeTarget section */

/* Begin PBXProject section */
		3845BAA62CA49CE500DCFED5 /* Project object */ = {
			isa = PBXProject;
			attributes = {
				BuildIndependentTargetsInParallel = 1;
				LastSwiftUpdateCheck = 1600;
				LastUpgradeCheck = 1600;
				TargetAttributes = {
					3845BAAD2CA49CE500DCFED5 = {
						CreatedOnToolsVersion = 16.0;
					};
					3845BABD2CA49CE500DCFED5 = {
						CreatedOnToolsVersion = 16.0;
						TestTargetID = 3845BAAD2CA49CE500DCFED5;
					};
					3845BAC72CA49CE500DCFED5 = {
						CreatedOnToolsVersion = 16.0;
						TestTargetID = 3845BAAD2CA49CE500DCFED5;
					};
				};
			};
			buildConfigurationList = 3845BAA92CA49CE500DCFED5 /* Build configuration list for PBXProject "Water tracker App" */;
			developmentRegion = en;
			hasScannedForEncodings = 0;
			knownRegions = (
				en,
				Base,
			);
			mainGroup = 3845BAA52CA49CE500DCFED5;
			minimizedProjectReferenceProxies = 1;
			preferredProjectObjectVersion = 77;
			productRefGroup = 3845BAAF2CA49CE500DCFED5 /* Products */;
			projectDirPath = "";
			projectRoot = "";
			targets = (
				3845BAAD2CA49CE500DCFED5 /* Water tracker App */,
				3845BABD2CA49CE500DCFED5 /* Water tracker AppTests */,
				3845BAC72CA49CE500DCFED5 /* Water tracker AppUITests */,
			);
		};
/* End PBXProject section */

/* Begin PBXResourcesBuildPhase section */
		3845BAAC2CA49CE500DCFED5 /* Resources */ = {
			isa = PBXResourcesBuildPhase;
			buildActionMask = 2147483647;
			files = (
			);
			runOnlyForDeploymentPostprocessing = 0;
		};
		3845BABC2CA49CE500DCFED5 /* Resources */ = {
			isa = PBXResourcesBuildPhase;
			buildActionMask = 2147483647;
			files = (
			);
			runOnlyForDeploymentPostprocessing = 0;
		};
		3845BAC62CA49CE500DCFED5 /* Resources */ = {
			isa = PBXResourcesBuildPhase;
			buildActionMask = 2147483647;
			files = (
			);
			runOnlyForDeploymentPostprocessing = 0;
		};
/* End PBXResourcesBuildPhase section */

/* Begin PBXSourcesBuildPhase section */
		3845BAAA2CA49CE500DCFED5 /* Sources */ = {
			isa = PBXSourcesBuildPhase;
			buildActionMask = 2147483647;
			files = (
			);
			runOnlyForDeploymentPostprocessing = 0;
		};
		3845BABA2CA49CE500DCFED5 /* Sources */ = {
			isa = PBXSourcesBuildPhase;
			buildActionMask = 2147483647;
			files = (
			);
			runOnlyForDeploymentPostprocessing = 0;
		};
		3845BAC42CA49CE500DCFED5 /* Sources */ = {
			isa = PBXSourcesBuildPhase;
			buildActionMask = 2147483647;
			files = (
			);
			runOnlyForDeploymentPostprocessing = 0;
		};
/* End PBXSourcesBuildPhase section */

/* Begin PBXTargetDependency section */
		3845BAC02CA49CE500DCFED5 /* PBXTargetDependency */ = {
			isa = PBXTargetDependency;
			target = 3845BAAD2CA49CE500DCFED5 /* Water tracker App */;
			targetProxy = 3845BABF2CA49CE500DCFED5 /* PBXContainerItemProxy */;
		};
		3845BACA2CA49CE500DCFED5 /* PBXTargetDependency */ = {
			isa = PBXTargetDependency;
			target = 3845BAAD2CA49CE500DCFED5 /* Water tracker App */;
			targetProxy = 3845BAC92CA49CE500DCFED5 /* PBXContainerItemProxy */;
		};
/* End PBXTargetDependency section */

/* Begin XCBuildConfiguration section */
		3845BAD02CA49CE500DCFED5 /* Debug */ = {
			isa = XCBuildConfiguration;
			buildSettings = {
				ALWAYS_SEARCH_USER_PATHS = NO;
				ASSETCATALOG_COMPILER_GENERATE_SWIFT_ASSET_SYMBOL_EXTENSIONS = YES;
				CLANG_ANALYZER_NONNULL = YES;
				CLANG_ANALYZER_NUMBER_OBJECT_CONVERSION = YES_AGGRESSIVE;
				CLANG_CXX_LANGUAGE_STANDARD = "gnu++20";
				CLANG_ENABLE_MODULES = YES;
				CLANG_ENABLE_OBJC_ARC = YES;
				CLANG_ENABLE_OBJC_WEAK = YES;
				CLANG_WARN_BLOCK_CAPTURE_AUTORELEASING = YES;
				CLANG_WARN_BOOL_CONVERSION = YES;
				CLANG_WARN_COMMA = YES;
				CLANG_WARN_CONSTANT_CONVERSION = YES;
				CLANG_WARN_DEPRECATED_OBJC_IMPLEMENTATIONS = YES;
				CLANG_WARN_DIRECT_OBJC_ISA_USAGE = YES_ERROR;
				CLANG_WARN_DOCUMENTATION_COMMENTS = YES;
				CLANG_WARN_EMPTY_BODY = YES;
				CLANG_WARN_ENUM_CONVERSION = YES;
				CLANG_WARN_INFINITE_RECURSION = YES;
				CLANG_WARN_INT_CONVERSION = YES;
				CLANG_WARN_NON_LITERAL_NULL_CONVERSION = YES;
				CLANG_WARN_OBJC_IMPLICIT_RETAIN_SELF = YES;
				CLANG_WARN_OBJC_LITERAL_CONVERSION = YES;
				CLANG_WARN_OBJC_ROOT_CLASS = YES_ERROR;
				CLANG_WARN_QUOTED_INCLUDE_IN_FRAMEWORK_HEADER = YES;
				CLANG_WARN_RANGE_LOOP_ANALYSIS = YES;
				CLANG_WARN_STRICT_PROTOTYPES = YES;
				CLANG_WARN_SUSPICIOUS_MOVE = YES;
				CLANG_WARN_UNGUARDED_AVAILABILITY = YES_AGGRESSIVE;
				CLANG_WARN_UNREACHABLE_CODE = YES;
				CLANG_WARN__DUPLICATE_METHOD_MATCH = YES;
				COPY_PHASE_STRIP = NO;
				DEBUG_INFORMATION_FORMAT = dwarf;
				ENABLE_STRICT_OBJC_MSGSEND = YES;
				ENABLE_TESTABILITY = YES;
				ENABLE_USER_SCRIPT_SANDBOXING = YES;
				GCC_C_LANGUAGE_STANDARD = gnu17;
				GCC_DYNAMIC_NO_PIC = NO;
				GCC_NO_COMMON_BLOCKS = YES;
				GCC_OPTIMIZATION_LEVEL = 0;
				GCC_PREPROCESSOR_DEFINITIONS = (
					"DEBUG=1",
					"$(inherited)",
				);
				GCC_WARN_64_TO_32_BIT_CONVERSION = YES;
				GCC_WARN_ABOUT_RETURN_TYPE = YES_ERROR;
				GCC_WARN_UNDECLARED_SELECTOR = YES;
				GCC_WARN_UNINITIALIZED_AUTOS = YES_AGGRESSIVE;
				GCC_WARN_UNUSED_FUNCTION = YES;
				GCC_WARN_UNUSED_VARIABLE = YES;
				IPHONEOS_DEPLOYMENT_TARGET = 18.0;
				LOCALIZATION_PREFERS_STRING_CATALOGS = YES;
				MTL_ENABLE_DEBUG_INFO = INCLUDE_SOURCE;
				MTL_FAST_MATH = YES;
				ONLY_ACTIVE_ARCH = YES;
				SDKROOT = iphoneos;
				SWIFT_ACTIVE_COMPILATION_CONDITIONS = "DEBUG $(inherited)";
				SWIFT_OPTIMIZATION_LEVEL = "-Onone";
			};
			name = Debug;
		};
		3845BAD12CA49CE500DCFED5 /* Release */ = {
			isa = XCBuildConfiguration;
			buildSettings = {
				ALWAYS_SEARCH_USER_PATHS = NO;
				ASSETCATALOG_COMPILER_GENERATE_SWIFT_ASSET_SYMBOL_EXTENSIONS = YES;
				CLANG_ANALYZER_NONNULL = YES;
				CLANG_ANALYZER_NUMBER_OBJECT_CONVERSION = YES_AGGRESSIVE;
				CLANG_CXX_LANGUAGE_STANDARD = "gnu++20";
				CLANG_ENABLE_MODULES = YES;
				CLANG_ENABLE_OBJC_ARC = YES;
				CLANG_ENABLE_OBJC_WEAK = YES;
				CLANG_WARN_BLOCK_CAPTURE_AUTORELEASING = YES;
				CLANG_WARN_BOOL_CONVERSION = YES;
				CLANG_WARN_COMMA = YES;
				CLANG_WARN_CONSTANT_CONVERSION = YES;
				CLANG_WARN_DEPRECATED_OBJC_IMPLEMENTATIONS = YES;
				CLANG_WARN_DIRECT_OBJC_ISA_USAGE = YES_ERROR;
				CLANG_WARN_DOCUMENTATION_COMMENTS = YES;
				CLANG_WARN_EMPTY_BODY = YES;
				CLANG_WARN_ENUM_CONVERSION = YES;
				CLANG_WARN_INFINITE_RECURSION = YES;
				CLANG_WARN_INT_CONVERSION = YES;
				CLANG_WARN_NON_LITERAL_NULL_CONVERSION = YES;
				CLANG_WARN_OBJC_IMPLICIT_RETAIN_SELF = YES;
				CLANG_WARN_OBJC_LITERAL_CONVERSION = YES;
				CLANG_WARN_OBJC_ROOT_CLASS = YES_ERROR;
				CLANG_WARN_QUOTED_INCLUDE_IN_FRAMEWORK_HEADER = YES;
				CLANG_WARN_RANGE_LOOP_ANALYSIS = YES;
				CLANG_WARN_STRICT_PROTOTYPES = YES;
				CLANG_WARN_SUSPICIOUS_MOVE = YES;
				CLANG_WARN_UNGUARDED_AVAILABILITY = YES_AGGRESSIVE;
				CLANG_WARN_UNREACHABLE_CODE = YES;
				CLANG_WARN__DUPLICATE_METHOD_MATCH = YES;
				COPY_PHASE_STRIP = NO;
				DEBUG_INFORMATION_FORMAT = "dwarf-with-dsym";
				ENABLE_NS_ASSERTIONS = NO;
				ENABLE_STRICT_OBJC_MSGSEND = YES;
				ENABLE_USER_SCRIPT_SANDBOXING = YES;
				GCC_C_LANGUAGE_STANDARD = gnu17;
				GCC_NO_COMMON_BLOCKS = YES;
				GCC_WARN_64_TO_32_BIT_CONVERSION = YES;
				GCC_WARN_ABOUT_RETURN_TYPE = YES_ERROR;
				GCC_WARN_UNDECLARED_SELECTOR = YES;
				GCC_WARN_UNINITIALIZED_AUTOS = YES_AGGRESSIVE;
				GCC_WARN_UNUSED_FUNCTION = YES;
				GCC_WARN_UNUSED_VARIABLE = YES;
				IPHONEOS_DEPLOYMENT_TARGET = 18.0;
				LOCALIZATION_PREFERS_STRING_CATALOGS = YES;
				MTL_ENABLE_DEBUG_INFO = NO;
				MTL_FAST_MATH = YES;
				SDKROOT = iphoneos;
				SWIFT_COMPILATION_MODE = wholemodule;
				VALIDATE_PRODUCT = YES;
			};
			name = Release;
		};
		3845BAD32CA49CE500DCFED5 /* Debug */ = {
			isa = XCBuildConfiguration;
			buildSettings = {
				ASSETCATALOG_COMPILER_APPICON_NAME = AppIcon;
				ASSETCATALOG_COMPILER_GLOBAL_ACCENT_COLOR_NAME = AccentColor;
				CODE_SIGN_IDENTITY = "Apple Development";
				CODE_SIGN_STYLE = Automatic;
				CURRENT_PROJECT_VERSION = 1;
				DEVELOPMENT_ASSET_PATHS = "\"Water tracker App/Preview Content\"";
				DEVELOPMENT_TEAM = 47GFFH2USY;
				ENABLE_PREVIEWS = YES;
				GENERATE_INFOPLIST_FILE = YES;
				INFOPLIST_KEY_UIApplicationSceneManifest_Generation = YES;
				INFOPLIST_KEY_UIApplicationSupportsIndirectInputEvents = YES;
				INFOPLIST_KEY_UILaunchScreen_Generation = YES;
				INFOPLIST_KEY_UISupportedInterfaceOrientations_iPad = "UIInterfaceOrientationPortrait UIInterfaceOrientationPortraitUpsideDown UIInterfaceOrientationLandscapeLeft UIInterfaceOrientationLandscapeRight";
				INFOPLIST_KEY_UISupportedInterfaceOrientations_iPhone = "UIInterfaceOrientationPortrait UIInterfaceOrientationLandscapeLeft UIInterfaceOrientationLandscapeRight";
				LD_RUNPATH_SEARCH_PATHS = (
					"$(inherited)",
					"@executable_path/Frameworks",
				);
				MARKETING_VERSION = 1.0;
				PRODUCT_BUNDLE_IDENTIFIER = "a.Water-tracker-App";
				PRODUCT_NAME = "$(TARGET_NAME)";
				PROVISIONING_PROFILE_SPECIFIER = "";
				SWIFT_EMIT_LOC_STRINGS = YES;
				SWIFT_VERSION = 5.0;
				TARGETED_DEVICE_FAMILY = "1,2";
			};
			name = Debug;
		};
		3845BAD42CA49CE500DCFED5 /* Release */ = {
			isa = XCBuildConfiguration;
			buildSettings = {
				ASSETCATALOG_COMPILER_APPICON_NAME = AppIcon;
				ASSETCATALOG_COMPILER_GLOBAL_ACCENT_COLOR_NAME = AccentColor;
				CODE_SIGN_IDENTITY = "Apple Development";
				CODE_SIGN_STYLE = Automatic;
				CURRENT_PROJECT_VERSION = 1;
				DEVELOPMENT_ASSET_PATHS = "\"Water tracker App/Preview Content\"";
				DEVELOPMENT_TEAM = 47GFFH2USY;
				ENABLE_PREVIEWS = YES;
				GENERATE_INFOPLIST_FILE = YES;
				INFOPLIST_KEY_UIApplicationSceneManifest_Generation = YES;
				INFOPLIST_KEY_UIApplicationSupportsIndirectInputEvents = YES;
				INFOPLIST_KEY_UILaunchScreen_Generation = YES;
				INFOPLIST_KEY_UISupportedInterfaceOrientations_iPad = "UIInterfaceOrientationPortrait UIInterfaceOrientationPortraitUpsideDown UIInterfaceOrientationLandscapeLeft UIInterfaceOrientationLandscapeRight";
				INFOPLIST_KEY_UISupportedInterfaceOrientations_iPhone = "UIInterfaceOrientationPortrait UIInterfaceOrientationLandscapeLeft UIInterfaceOrientationLandscapeRight";
				LD_RUNPATH_SEARCH_PATHS = (
					"$(inherited)",
					"@executable_path/Frameworks",
				);
				MARKETING_VERSION = 1.0;
				PRODUCT_BUNDLE_IDENTIFIER = "a.Water-tracker-App";
				PRODUCT_NAME = "$(TARGET_NAME)";
				PROVISIONING_PROFILE_SPECIFIER = "";
				SWIFT_EMIT_LOC_STRINGS = YES;
				SWIFT_VERSION = 5.0;
				TARGETED_DEVICE_FAMILY = "1,2";
			};
			name = Release;
		};
		3845BAD62CA49CE500DCFED5 /* Debug */ = {
			isa = XCBuildConfiguration;
			buildSettings = {
				BUNDLE_LOADER = "$(TEST_HOST)";
				CODE_SIGN_STYLE = Automatic;
				CURRENT_PROJECT_VERSION = 1;
				GENERATE_INFOPLIST_FILE = YES;
				IPHONEOS_DEPLOYMENT_TARGET = 18.0;
				MARKETING_VERSION = 1.0;
				PRODUCT_BUNDLE_IDENTIFIER = "a.Water-tracker-AppTests";
				PRODUCT_NAME = "$(TARGET_NAME)";
				SWIFT_EMIT_LOC_STRINGS = NO;
				SWIFT_VERSION = 5.0;
				TARGETED_DEVICE_FAMILY = "1,2";
				TEST_HOST = "$(BUILT_PRODUCTS_DIR)/Water tracker App.app/$(BUNDLE_EXECUTABLE_FOLDER_PATH)/Water tracker App";
			};
			name = Debug;
		};
		3845BAD72CA49CE500DCFED5 /* Release */ = {
			isa = XCBuildConfiguration;
			buildSettings = {
				BUNDLE_LOADER = "$(TEST_HOST)";
				CODE_SIGN_STYLE = Automatic;
				CURRENT_PROJECT_VERSION = 1;
				GENERATE_INFOPLIST_FILE = YES;
				IPHONEOS_DEPLOYMENT_TARGET = 18.0;
				MARKETING_VERSION = 1.0;
				PRODUCT_BUNDLE_IDENTIFIER = "a.Water-tracker-AppTests";
				PRODUCT_NAME = "$(TARGET_NAME)";
				SWIFT_EMIT_LOC_STRINGS = NO;
				SWIFT_VERSION = 5.0;
				TARGETED_DEVICE_FAMILY = "1,2";
				TEST_HOST = "$(BUILT_PRODUCTS_DIR)/Water tracker App.app/$(BUNDLE_EXECUTABLE_FOLDER_PATH)/Water tracker App";
			};
			name = Release;
		};
		3845BAD92CA49CE500DCFED5 /* Debug */ = {
			isa = XCBuildConfiguration;
			buildSettings = {
				CODE_SIGN_STYLE = Automatic;
				CURRENT_PROJECT_VERSION = 1;
				GENERATE_INFOPLIST_FILE = YES;
				MARKETING_VERSION = 1.0;
				PRODUCT_BUNDLE_IDENTIFIER = "a.Water-tracker-AppUITests";
				PRODUCT_NAME = "$(TARGET_NAME)";
				SWIFT_EMIT_LOC_STRINGS = NO;
				SWIFT_VERSION = 5.0;
				TARGETED_DEVICE_FAMILY = "1,2";
				TEST_TARGET_NAME = "Water tracker App";
			};
			name = Debug;
		};
		3845BADA2CA49CE500DCFED5 /* Release */ = {
			isa = XCBuildConfiguration;
			buildSettings = {
				CODE_SIGN_STYLE = Automatic;
				CURRENT_PROJECT_VERSION = 1;
				GENERATE_INFOPLIST_FILE = YES;
				MARKETING_VERSION = 1.0;
				PRODUCT_BUNDLE_IDENTIFIER = "a.Water-tracker-AppUITests";
				PRODUCT_NAME = "$(TARGET_NAME)";
				SWIFT_EMIT_LOC_STRINGS = NO;
				SWIFT_VERSION = 5.0;
				TARGETED_DEVICE_FAMILY = "1,2";
				TEST_TARGET_NAME = "Water tracker App";
			};
			name = Release;
		};
/* End XCBuildConfiguration section */

/* Begin XCConfigurationList section */
		3845BAA92CA49CE500DCFED5 /* Build configuration list for PBXProject "Water tracker App" */ = {
			isa = XCConfigurationList;
			buildConfigurations = (
				3845BAD02CA49CE500DCFED5 /* Debug */,
				3845BAD12CA49CE500DCFED5 /* Release */,
			);
			defaultConfigurationIsVisible = 0;
			defaultConfigurationName = Release;
		};
		3845BAD22CA49CE500DCFED5 /* Build configuration list for PBXNativeTarget "Water tracker App" */ = {
			isa = XCConfigurationList;
			buildConfigurations = (
				3845BAD32CA49CE500DCFED5 /* Debug */,
				3845BAD42CA49CE500DCFED5 /* Release */,
			);
			defaultConfigurationIsVisible = 0;
			defaultConfigurationName = Release;
		};
		3845BAD52CA49CE500DCFED5 /* Build configuration list for PBXNativeTarget "Water tracker AppTests" */ = {
			isa = XCConfigurationList;
			buildConfigurations = (
				3845BAD62CA49CE500DCFED5 /* Debug */,
				3845BAD72CA49CE500DCFED5 /* Release */,
			);
			defaultConfigurationIsVisible = 0;
			defaultConfigurationName = Release;
		};
		3845BAD82CA49CE500DCFED5 /* Build configuration list for PBXNativeTarget "Water tracker AppUITests" */ = {
			isa = XCConfigurationList;
			buildConfigurations = (
				3845BAD92CA49CE500DCFED5 /* Debug */,
				3845BADA2CA49CE500DCFED5 /* Release */,
			);
			defaultConfigurationIsVisible = 0;
			defaultConfigurationName = Release;
		};
/* End XCConfigurationList section */
	};
	rootObject = 3845BAA62CA49CE500DCFED5 /* Project object */;
}
